
Microsoft Visual Studio Solution File, Format Version 12.00
# Visual Studio Version 17
VisualStudioVersion = 17.9.34616.47
MinimumVisualStudioVersion = 10.0.40219.1
Project("{9A19103F-16F7-4668-BE54-9A1E7A4F7556}") = "Marketplace", "Marketplace\Marketplace.csproj", "{560FEFCE-A3CB-4562-B40C-C6CE448E49C2}"
EndProject
Project("{FAE04EC0-301F-11D3-BF4B-00C04F79EFBC}") = "Marketplace.Domain", "Marketplace.Domain\Marketplace.Domain.csproj", "{2F48832F-2CEE-4051-8A9E-517024CD5D7C}"
EndProject
Project("{FAE04EC0-301F-11D3-BF4B-00C04F79EFBC}") = "Marketplace.Tests", "Marketplace.Tests\Marketplace.Tests.csproj", "{F2943C50-CDF3-4B6F-99B4-4F9F26F32039}"
EndProject
Project("{FAE04EC0-301F-11D3-BF4B-00C04F79EFBC}") = "Marketplace.Framework", "Marketplace.Framework\Marketplace.Framework.csproj", "{0A5D0569-DDF5-4DA1-96C1-DFCFB9888634}"
EndProject
Global
	GlobalSection(SolutionConfigurationPlatforms) = preSolution
		Debug|Any CPU = Debug|Any CPU
		Release|Any CPU = Release|Any CPU
	EndGlobalSection
	GlobalSection(ProjectConfigurationPlatforms) = postSolution
		{560FEFCE-A3CB-4562-B40C-C6CE448E49C2}.Debug|Any CPU.ActiveCfg = Debug|Any CPU
		{560FEFCE-A3CB-4562-B40C-C6CE448E49C2}.Debug|Any CPU.Build.0 = Debug|Any CPU
		{560FEFCE-A3CB-4562-B40C-C6CE448E49C2}.Release|Any CPU.ActiveCfg = Release|Any CPU
		{560FEFCE-A3CB-4562-B40C-C6CE448E49C2}.Release|Any CPU.Build.0 = Release|Any CPU
		{2F48832F-2CEE-4051-8A9E-517024CD5D7C}.Debug|Any CPU.ActiveCfg = Debug|Any CPU
		{2F48832F-2CEE-4051-8A9E-517024CD5D7C}.Debug|Any CPU.Build.0 = Debug|Any CPU
		{2F48832F-2CEE-4051-8A9E-517024CD5D7C}.Release|Any CPU.ActiveCfg = Release|Any CPU
		{2F48832F-2CEE-4051-8A9E-517024CD5D7C}.Release|Any CPU.Build.0 = Release|Any CPU
		{F2943C50-CDF3-4B6F-99B4-4F9F26F32039}.Debug|Any CPU.ActiveCfg = Debug|Any CPU
		{F2943C50-CDF3-4B6F-99B4-4F9F26F32039}.Debug|Any CPU.Build.0 = Debug|Any CPU
		{F2943C50-CDF3-4B6F-99B4-4F9F26F32039}.Release|Any CPU.ActiveCfg = Release|Any CPU
		{F2943C50-CDF3-4B6F-99B4-4F9F26F32039}.Release|Any CPU.Build.0 = Release|Any CPU
		{0A5D0569-DDF5-4DA1-96C1-DFCFB9888634}.Debug|Any CPU.ActiveCfg = Debug|Any CPU
		{0A5D0569-DDF5-4DA1-96C1-DFCFB9888634}.Debug|Any CPU.Build.0 = Debug|Any CPU
		{0A5D0569-DDF5-4DA1-96C1-DFCFB9888634}.Release|Any CPU.ActiveCfg = Release|Any CPU
		{0A5D0569-DDF5-4DA1-96C1-DFCFB9888634}.Release|Any CPU.Build.0 = Release|Any CPU
	EndGlobalSection
	GlobalSection(SolutionProperties) = preSolution
		HideSolutionNode = FALSE
	EndGlobalSection
	GlobalSection(ExtensibilityGlobals) = postSolution
		SolutionGuid = {E1E9CBEF-F57E-493E-9EE5-BEDC180EAA25}
	EndGlobalSection
EndGlobal
